Microsoft Visual Studio Solution File, Format Version 12.00
# Visual Studio Version 17
VisualStudioVersion = 17.5.33627.172
MinimumVisualStudioVersion = 10.0.40219.1
Project("{9A19103F-16F7-4668-BE54-9A1E7A4F7556}") = "Assignment1", "Assignment1.csproj", "{9C9505DA-C550-4909-AF17-C113A54CC287}"
EndProject
Project("{FAE04EC0-301F-11D3-BF4B-00C04F79EFBC}") = "TestProject1", "..\TestProject1\TestProject1.csproj", "{23671F99-F6D5-4ED2-A851-BE7542DE4CBF}"
EndProject
Global
	GlobalSection(SolutionConfigurationPlatforms) = preSolution
		Debug|Any CPU = Debug|Any CPU
		Release|Any CPU = Release|Any CPU
	EndGlobalSection
	GlobalSection(ProjectConfigurationPlatforms) = postSolution
		{9C9505DA-C550-4909-AF17-C113A54CC287}.Debug|Any CPU.ActiveCfg = Debug|Any CPU
		{9C9505DA-C550-4909-AF17-C113A54CC287}.Debug|Any CPU.Build.0 = Debug|Any CPU
		{9C9505DA-C550-4909-AF17-C113A54CC287}.Release|Any CPU.ActiveCfg = Release|Any CPU
		{9C9505DA-C550-4909-AF17-C113A54CC287}.Release|Any CPU.Build.0 = Release|Any CPU
		{23671F99-F6D5-4ED2-A851-BE7542DE4CBF}.Debug|Any CPU.ActiveCfg = Debug|Any CPU
		{23671F99-F6D5-4ED2-A851-BE7542DE4CBF}.Debug|Any CPU.Build.0 = Debug|Any CPU
		{23671F99-F6D5-4ED2-A851-BE7542DE4CBF}.Release|Any CPU.ActiveCfg = Release|Any CPU
		{23671F99-F6D5-4ED2-A851-BE7542DE4CBF}.Release|Any CPU.Build.0 = Release|Any CPU
	EndGlobalSection
	GlobalSection(SolutionProperties) = preSolution
		HideSolutionNode = FALSE
	EndGlobalSection
	GlobalSection(ExtensibilityGlobals) = postSolution
		SolutionGuid = {7385929D-22C8-4BBE-839A-C00840DEE7EB}
	EndGlobalSection
EndGlobal
